
Microsoft Visual Studio Solution File, Format Version 12.00
# Visual Studio Version 17
VisualStudioVersion = 17.8.34330.188
MinimumVisualStudioVersion = 10.0.40219.1
Project("{FAE04EC0-301F-11D3-BF4B-00C04F79EFBC}") = "WebAppPlayerAssesment", "WebAppPlayerAssesment\WebAppPlayerAssesment.csproj", "{DE2D014B-44A8-4546-9DA9-7C58243AEE14}"
EndProject
Global
	GlobalSection(SolutionConfigurationPlatforms) = preSolution
		Debug|Any CPU = Debug|Any CPU
		Release|Any CPU = Release|Any CPU
	EndGlobalSection
	GlobalSection(ProjectConfigurationPlatforms) = postSolution
		{DE2D014B-44A8-4546-9DA9-7C58243AEE14}.Debug|Any CPU.ActiveCfg = Debug|Any CPU
		{DE2D014B-44A8-4546-9DA9-7C58243AEE14}.Debug|Any CPU.Build.0 = Debug|Any CPU
		{DE2D014B-44A8-4546-9DA9-7C58243AEE14}.Release|Any CPU.ActiveCfg = Release|Any CPU
		{DE2D014B-44A8-4546-9DA9-7C58243AEE14}.Release|Any CPU.Build.0 = Release|Any CPU
	EndGlobalSection
	GlobalSection(SolutionProperties) = preSolution
		HideSolutionNode = FALSE
	EndGlobalSection
	GlobalSection(ExtensibilityGlobals) = postSolution
		SolutionGuid = {40CF4BA4-70A1-4E8C-A3A3-AE51A3B2AF90}
	EndGlobalSection
EndGlobal
